{
  "nodes": {
    "catppuccin": {
      "locked": {
        "lastModified": 1713477350,
        "narHash": "sha256-Nje6SUfHG+nHUwW9kRCvQmNhO8jVJw783xTySwJt54k=",
        "owner": "catppuccin",
        "repo": "nix",
        "rev": "9d833a5639be3a6b04430ac03e25d74abb099ed4",
        "type": "github"
      },
      "original": {
        "owner": "catppuccin",
        "repo": "nix",
        "type": "github"
      }
    },
    "home-manager": {
      "inputs": {
        "nixpkgs": [
          "nixpkgs"
        ]
      },
      "locked": {
        "lastModified": 1712386041,
        "narHash": "sha256-dA82pOMQNnCJMAsPG7AXG35VmCSMZsJHTFlTHizpKWQ=",
        "owner": "nix-community",
        "repo": "home-manager",
        "rev": "d6bb9f934f2870e5cbc5b94c79e9db22246141ff",
        "type": "github"
      },
      "original": {
        "owner": "nix-community",
        "ref": "release-23.11",
        "repo": "home-manager",
        "type": "github"
      }
    },
    "nixpkgs": {
      "locked": {
        "lastModified": 1713344939,
        "narHash": "sha256-jpHkAt0sG2/J7ueKnG7VvLLkBYUMQbXQ2L8OBpVG53s=",
        "owner": "NixOS",
        "repo": "nixpkgs",
        "rev": "e402c3eb6d88384ca6c52ef1c53e61bdc9b84ddd",
        "type": "github"
      },
      "original": {
        "owner": "NixOS",
        "ref": "nixos-23.11",
        "repo": "nixpkgs",
        "type": "github"
      }
    },
    "nixpkgs-unstable": {
      "locked": {
        "lastModified": 1713248628,
        "narHash": "sha256-NLznXB5AOnniUtZsyy/aPWOk8ussTuePp2acb9U+ISA=",
        "owner": "NixOS",
        "repo": "nixpkgs",
        "rev": "5672bc9dbf9d88246ddab5ac454e82318d094bb8",
        "type": "github"
      },
      "original": {
        "owner": "NixOS",
        "ref": "nixos-unstable",
        "repo": "nixpkgs",
        "type": "github"
      }
    },
    "plasma-manager": {
      "inputs": {
        "home-manager": [
          "home-manager"
        ],
        "nixpkgs": [
          "nixpkgs"
        ]
      },
      "locked": {
        "lastModified": 1713460214,
        "narHash": "sha256-WvX42uScdEN5yDJ13ZWQczYyUpPawgvt4JHvAaK5c44=",
        "owner": "pjones",
        "repo": "plasma-manager",
        "rev": "ef0c106a2104f841a54fe4b9ec60a79775e2fe1e",
        "type": "github"
      },
      "original": {
        "owner": "pjones",
        "repo": "plasma-manager",
        "type": "github"
      }
    },
    "root": {
      "inputs": {
        "catppuccin": "catppuccin",
        "home-manager": "home-manager",
        "nixpkgs": "nixpkgs",
        "nixpkgs-unstable": "nixpkgs-unstable",
        "plasma-manager": "plasma-manager"
      }
    }
  },
  "root": "root",
  "version": 7
}
