{
  "nodes": {
    "catppuccin": {
      "locked": {
        "lastModified": 1712810517,
        "narHash": "sha256-uevqyUaxrAYuq2TKo7tWm4SjTa2VtWYNWM0OG7lC6Go=",
        "owner": "catppuccin",
        "repo": "nix",
        "rev": "a7714828f179e25e0d0263e39857660f48de8fc1",
        "type": "github"
      },
      "original": {
        "owner": "catppuccin",
        "repo": "nix",
        "type": "github"
      }
    },
    "home-manager": {
      "inputs": {
        "nixpkgs": [
          "nixpkgs"
        ]
      },
      "locked": {
        "lastModified": 1712386041,
        "narHash": "sha256-dA82pOMQNnCJMAsPG7AXG35VmCSMZsJHTFlTHizpKWQ=",
        "owner": "nix-community",
        "repo": "home-manager",
        "rev": "d6bb9f934f2870e5cbc5b94c79e9db22246141ff",
        "type": "github"
      },
      "original": {
        "owner": "nix-community",
        "ref": "release-23.11",
        "repo": "home-manager",
        "type": "github"
      }
    },
    "nixpkgs": {
      "locked": {
        "lastModified": 1712741485,
        "narHash": "sha256-bCs0+MSTra80oXAsnM6Oq62WsirOIaijQ/BbUY59tR4=",
        "owner": "NixOS",
        "repo": "nixpkgs",
        "rev": "b2cf36f43f9ef2ded5711b30b1f393ac423d8f72",
        "type": "github"
      },
      "original": {
        "owner": "NixOS",
        "ref": "nixos-23.11",
        "repo": "nixpkgs",
        "type": "github"
      }
    },
    "nixpkgs-unstable": {
      "locked": {
        "lastModified": 1712608508,
        "narHash": "sha256-vMZ5603yU0wxgyQeHJryOI+O61yrX2AHwY6LOFyV1gM=",
        "owner": "NixOS",
        "repo": "nixpkgs",
        "rev": "4cba8b53da471aea2ab2b0c1f30a81e7c451f4b6",
        "type": "github"
      },
      "original": {
        "owner": "NixOS",
        "ref": "nixos-unstable",
        "repo": "nixpkgs",
        "type": "github"
      }
    },
    "plasma-manager": {
      "inputs": {
        "home-manager": [
          "home-manager"
        ],
        "nixpkgs": [
          "nixpkgs"
        ]
      },
      "locked": {
        "lastModified": 1712484920,
        "narHash": "sha256-wNwv12U/QYYgZanycZ32A41cEDa2zPwYuMKK6AJYNJk=",
        "owner": "pjones",
        "repo": "plasma-manager",
        "rev": "4b127a5ede004f5c6d7c41938c2986b599dc0bf3",
        "type": "github"
      },
      "original": {
        "owner": "pjones",
        "repo": "plasma-manager",
        "type": "github"
      }
    },
    "root": {
      "inputs": {
        "catppuccin": "catppuccin",
        "home-manager": "home-manager",
        "nixpkgs": "nixpkgs",
        "nixpkgs-unstable": "nixpkgs-unstable",
        "plasma-manager": "plasma-manager"
      }
    }
  },
  "root": "root",
  "version": 7
}
